
Microsoft Visual Studio Solution File, Format Version 12.00
# Visual Studio 15
VisualStudioVersion = 15.0.27004.2002
MinimumVisualStudioVersion = 10.0.40219.1
Project("{FAE04EC0-301F-11D3-BF4B-00C04F79EFBC}") = "WebApp", "WebApp\WebApp.csproj", "{F2309F52-B77F-45B6-8ED3-7B1090D7A147}"
EndProject
Project("{FAE04EC0-301F-11D3-BF4B-00C04F79EFBC}") = "WebApp.Core", "WebApp.Core\WebApp.Core.csproj", "{C73C6F88-CAB9-4972-BCDA-226F06FEEE44}"
EndProject
Global
	GlobalSection(SolutionConfigurationPlatforms) = preSolution
		Debug|Any CPU = Debug|Any CPU
		Release|Any CPU = Release|Any CPU
	EndGlobalSection
	GlobalSection(ProjectConfigurationPlatforms) = postSolution
		{F2309F52-B77F-45B6-8ED3-7B1090D7A147}.Debug|Any CPU.ActiveCfg = Debug|Any CPU
		{F2309F52-B77F-45B6-8ED3-7B1090D7A147}.Debug|Any CPU.Build.0 = Debug|Any CPU
		{F2309F52-B77F-45B6-8ED3-7B1090D7A147}.Release|Any CPU.ActiveCfg = Release|Any CPU
		{F2309F52-B77F-45B6-8ED3-7B1090D7A147}.Release|Any CPU.Build.0 = Release|Any CPU
		{C73C6F88-CAB9-4972-BCDA-226F06FEEE44}.Debug|Any CPU.ActiveCfg = Debug|Any CPU
		{C73C6F88-CAB9-4972-BCDA-226F06FEEE44}.Debug|Any CPU.Build.0 = Debug|Any CPU
		{C73C6F88-CAB9-4972-BCDA-226F06FEEE44}.Release|Any CPU.ActiveCfg = Release|Any CPU
		{C73C6F88-CAB9-4972-BCDA-226F06FEEE44}.Release|Any CPU.Build.0 = Release|Any CPU
	EndGlobalSection
	GlobalSection(SolutionProperties) = preSolution
		HideSolutionNode = FALSE
	EndGlobalSection
	GlobalSection(ExtensibilityGlobals) = postSolution
		SolutionGuid = {A0606583-EC6A-467A-BBE6-34770EA3B65A}
	EndGlobalSection
EndGlobal
